
Microsoft Visual Studio Solution File, Format Version 12.00
# Visual Studio 14
VisualStudioVersion = 14.0.25420.1
MinimumVisualStudioVersion = 10.0.40219.1
Project("{FAE04EC0-301F-11D3-BF4B-00C04F79EFBC}") = "SharePointUpload", "SharePointUpload\SharePointUpload.csproj", "{0C4AA20D-98EB-418E-81E6-F421507BFED8}"
EndProject
Project("{FAE04EC0-301F-11D3-BF4B-00C04F79EFBC}") = "SharePointUploadTests", "SharePointUploadTests\SharePointUploadTests.csproj", "{49CFC8D5-EEA7-4A31-A789-580EBC71F5EF}"
EndProject
Global
	GlobalSection(SolutionConfigurationPlatforms) = preSolution
		Debug|Any CPU = Debug|Any CPU
		Release|Any CPU = Release|Any CPU
	EndGlobalSection
	GlobalSection(ProjectConfigurationPlatforms) = postSolution
		{0C4AA20D-98EB-418E-81E6-F421507BFED8}.Debug|Any CPU.ActiveCfg = Debug|Any CPU
		{0C4AA20D-98EB-418E-81E6-F421507BFED8}.Debug|Any CPU.Build.0 = Debug|Any CPU
		{0C4AA20D-98EB-418E-81E6-F421507BFED8}.Release|Any CPU.ActiveCfg = Release|Any CPU
		{0C4AA20D-98EB-418E-81E6-F421507BFED8}.Release|Any CPU.Build.0 = Release|Any CPU
		{49CFC8D5-EEA7-4A31-A789-580EBC71F5EF}.Debug|Any CPU.ActiveCfg = Debug|Any CPU
		{49CFC8D5-EEA7-4A31-A789-580EBC71F5EF}.Debug|Any CPU.Build.0 = Debug|Any CPU
		{49CFC8D5-EEA7-4A31-A789-580EBC71F5EF}.Release|Any CPU.ActiveCfg = Release|Any CPU
		{49CFC8D5-EEA7-4A31-A789-580EBC71F5EF}.Release|Any CPU.Build.0 = Release|Any CPU
	EndGlobalSection
	GlobalSection(SolutionProperties) = preSolution
		HideSolutionNode = FALSE
	EndGlobalSection
EndGlobal
